
Microsoft Visual Studio Solution File, Format Version 12.00
# Visual Studio Version 17
VisualStudioVersion = 17.4.33122.133
MinimumVisualStudioVersion = 10.0.40219.1
Project("{FAE04EC0-301F-11D3-BF4B-00C04F79EFBC}") = "dersde4tasklar", "dersde4tasklar\dersde4tasklar.csproj", "{E631F2E8-6497-4751-98F8-A976AD4A428E}"
EndProject
Global
	GlobalSection(SolutionConfigurationPlatforms) = preSolution
		Debug|Any CPU = Debug|Any CPU
		Release|Any CPU = Release|Any CPU
	EndGlobalSection
	GlobalSection(ProjectConfigurationPlatforms) = postSolution
		{E631F2E8-6497-4751-98F8-A976AD4A428E}.Debug|Any CPU.ActiveCfg = Debug|Any CPU
		{E631F2E8-6497-4751-98F8-A976AD4A428E}.Debug|Any CPU.Build.0 = Debug|Any CPU
		{E631F2E8-6497-4751-98F8-A976AD4A428E}.Release|Any CPU.ActiveCfg = Release|Any CPU
		{E631F2E8-6497-4751-98F8-A976AD4A428E}.Release|Any CPU.Build.0 = Release|Any CPU
	EndGlobalSection
	GlobalSection(SolutionProperties) = preSolution
		HideSolutionNode = FALSE
	EndGlobalSection
	GlobalSection(ExtensibilityGlobals) = postSolution
		SolutionGuid = {46BD1CE7-BC4A-4031-A476-B6656BBA9110}
	EndGlobalSection
EndGlobal
